
Microsoft Visual Studio Solution File, Format Version 12.00
# Visual Studio Version 17
VisualStudioVersion = 17.8.34330.188
MinimumVisualStudioVersion = 10.0.40219.1
Project("{FAE04EC0-301F-11D3-BF4B-00C04F79EFBC}") = "MVCWithEFCF1", "MVCWithEFCF1\MVCWithEFCF1.csproj", "{09BCD7DF-5ACF-4658-A507-A5C20B1B7098}"
EndProject
Global
	GlobalSection(SolutionConfigurationPlatforms) = preSolution
		Debug|Any CPU = Debug|Any CPU
		Release|Any CPU = Release|Any CPU
	EndGlobalSection
	GlobalSection(ProjectConfigurationPlatforms) = postSolution
		{09BCD7DF-5ACF-4658-A507-A5C20B1B7098}.Debug|Any CPU.ActiveCfg = Debug|Any CPU
		{09BCD7DF-5ACF-4658-A507-A5C20B1B7098}.Debug|Any CPU.Build.0 = Debug|Any CPU
		{09BCD7DF-5ACF-4658-A507-A5C20B1B7098}.Release|Any CPU.ActiveCfg = Release|Any CPU
		{09BCD7DF-5ACF-4658-A507-A5C20B1B7098}.Release|Any CPU.Build.0 = Release|Any CPU
	EndGlobalSection
	GlobalSection(SolutionProperties) = preSolution
		HideSolutionNode = FALSE
	EndGlobalSection
	GlobalSection(ExtensibilityGlobals) = postSolution
		SolutionGuid = {1D54041C-0981-4B8C-A9F5-A2B4FE8969D5}
	EndGlobalSection
EndGlobal
